// !$*UTF8*$!
{
	archiveVersion = 1;
	classes = {
	};
	objectVersion = 77;
	objects = {

/* Begin PBXBuildFile section */
		E922CB322E40ADC90084EB40 /* BackGroundViewModifier.swift in Sources */ = {isa = PBXBuildFile; fileRef = E922CB222E40ADC90084EB40 /* BackGroundViewModifier.swift */; };
		E922CB332E40ADC90084EB40 /* Extension+Color.swift in Sources */ = {isa = PBXBuildFile; fileRef = E922CB232E40ADC90084EB40 /* Extension+Color.swift */; };
		E922CB342E40ADC90084EB40 /* HomeView.swift in Sources */ = {isa = PBXBuildFile; fileRef = E922CB242E40ADC90084EB40 /* HomeView.swift */; };
		E922CB352E40ADC90084EB40 /* AppDelegate.swift in Sources */ = {isa = PBXBuildFile; fileRef = E922CB262E40ADC90084EB40 /* AppDelegate.swift */; };
		E922CB362E40ADC90084EB40 /* Constants.swift in Sources */ = {isa = PBXBuildFile; fileRef = E922CB292E40ADC90084EB40 /* Constants.swift */; };
		E922CB372E40ADC90084EB40 /* NoVibratorView.swift in Sources */ = {isa = PBXBuildFile; fileRef = E922CB2D2E40ADC90084EB40 /* NoVibratorView.swift */; };
		E922CB382E40ADC90084EB40 /* SceneDelegate.swift in Sources */ = {isa = PBXBuildFile; fileRef = E922CB2E2E40ADC90084EB40 /* SceneDelegate.swift */; };
		E922CB392E40ADC90084EB40 /* SettingsView.swift in Sources */ = {isa = PBXBuildFile; fileRef = E922CB2F2E40ADC90084EB40 /* SettingsView.swift */; };
		E922CB3A2E40ADC90084EB40 /* ViewController.swift in Sources */ = {isa = PBXBuildFile; fileRef = E922CB302E40ADC90084EB40 /* ViewController.swift */; };
		E922CB3B2E40ADC90084EB40 /* Assets.xcassets in Resources */ = {isa = PBXBuildFile; fileRef = E922CB272E40ADC90084EB40 /* Assets.xcassets */; };
		E922CB3C2E40ADC90084EB40 /* Colors.xcassets in Resources */ = {isa = PBXBuildFile; fileRef = E922CB282E40ADC90084EB40 /* Colors.xcassets */; };
		E922CB3E2E40ADC90084EB40 /* LaunchScreen.storyboard in Resources */ = {isa = PBXBuildFile; fileRef = E922CB2C2E40ADC90084EB40 /* LaunchScreen.storyboard */; };
		E922CB402E40D10C0084EB40 /* NoVibratorFreeView.swift in Sources */ = {isa = PBXBuildFile; fileRef = E922CB3F2E40D10C0084EB40 /* NoVibratorFreeView.swift */; };
/* End PBXBuildFile section */

/* Begin PBXFileReference section */
		E922CB222E40ADC90084EB40 /* BackGroundViewModifier.swift */ = {isa = PBXFileReference; lastKnownFileType = sourcecode.swift; path = BackGroundViewModifier.swift; sourceTree = "<group>"; };
		E922CB232E40ADC90084EB40 /* Extension+Color.swift */ = {isa = PBXFileReference; lastKnownFileType = sourcecode.swift; path = "Extension+Color.swift"; sourceTree = "<group>"; };
		E922CB242E40ADC90084EB40 /* HomeView.swift */ = {isa = PBXFileReference; lastKnownFileType = sourcecode.swift; path = HomeView.swift; sourceTree = "<group>"; };
		E922CB262E40ADC90084EB40 /* AppDelegate.swift */ = {isa = PBXFileReference; lastKnownFileType = sourcecode.swift; path = AppDelegate.swift; sourceTree = "<group>"; };
		E922CB272E40ADC90084EB40 /* Assets.xcassets */ = {isa = PBXFileReference; lastKnownFileType = folder.assetcatalog; path = Assets.xcassets; sourceTree = "<group>"; };
		E922CB282E40ADC90084EB40 /* Colors.xcassets */ = {isa = PBXFileReference; lastKnownFileType = folder.assetcatalog; path = Colors.xcassets; sourceTree = "<group>"; };
		E922CB292E40ADC90084EB40 /* Constants.swift */ = {isa = PBXFileReference; lastKnownFileType = sourcecode.swift; path = Constants.swift; sourceTree = "<group>"; };
		E922CB2A2E40ADC90084EB40 /* Info.plist */ = {isa = PBXFileReference; lastKnownFileType = text.plist.xml; path = Info.plist; sourceTree = "<group>"; };
		E922CB2B2E40ADC90084EB40 /* Base */ = {isa = PBXFileReference; lastKnownFileType = file.storyboard; name = Base; path = Base.lproj/LaunchScreen.storyboard; sourceTree = "<group>"; };
		E922CB2D2E40ADC90084EB40 /* NoVibratorView.swift */ = {isa = PBXFileReference; lastKnownFileType = sourcecode.swift; path = NoVibratorView.swift; sourceTree = "<group>"; };
		E922CB2E2E40ADC90084EB40 /* SceneDelegate.swift */ = {isa = PBXFileReference; lastKnownFileType = sourcecode.swift; path = SceneDelegate.swift; sourceTree = "<group>"; };
		E922CB2F2E40ADC90084EB40 /* SettingsView.swift */ = {isa = PBXFileReference; lastKnownFileType = sourcecode.swift; path = SettingsView.swift; sourceTree = "<group>"; };
		E922CB302E40ADC90084EB40 /* ViewController.swift */ = {isa = PBXFileReference; lastKnownFileType = sourcecode.swift; path = ViewController.swift; sourceTree = "<group>"; };
		E922CB3F2E40D10C0084EB40 /* NoVibratorFreeView.swift */ = {isa = PBXFileReference; lastKnownFileType = sourcecode.swift; path = NoVibratorFreeView.swift; sourceTree = "<group>"; };
		E9DE39BC2E15291100892875 /* Custom-Vibrator.app */ = {isa = PBXFileReference; explicitFileType = wrapper.application; includeInIndex = 0; path = "Custom-Vibrator.app"; sourceTree = BUILT_PRODUCTS_DIR; };
/* End PBXFileReference section */

/* Begin PBXFrameworksBuildPhase section */
		E9DE39B92E15291100892875 /* Frameworks */ = {
			isa = PBXFrameworksBuildPhase;
			buildActionMask = 2147483647;
			files = (
			);
			runOnlyForDeploymentPostprocessing = 0;
		};
/* End PBXFrameworksBuildPhase section */

/* Begin PBXGroup section */
		E922CB252E40ADC90084EB40 /* Extension */ = {
			isa = PBXGroup;
			children = (
				E922CB222E40ADC90084EB40 /* BackGroundViewModifier.swift */,
				E922CB242E40ADC90084EB40 /* HomeView.swift */,
				E922CB292E40ADC90084EB40 /* Constants.swift */,
				E922CB232E40ADC90084EB40 /* Extension+Color.swift */,
			);
			path = Extension;
			sourceTree = "<group>";
		};
		E922CB312E40ADC90084EB40 /* Custom-Vibrator */ = {
			isa = PBXGroup;
			children = (
				E922CB262E40ADC90084EB40 /* AppDelegate.swift */,
				E922CB2E2E40ADC90084EB40 /* SceneDelegate.swift */,
				E922CB2A2E40ADC90084EB40 /* Info.plist */,
				E922CB2C2E40ADC90084EB40 /* LaunchScreen.storyboard */,
				E922CB2D2E40ADC90084EB40 /* NoVibratorView.swift */,
				E922CB3F2E40D10C0084EB40 /* NoVibratorFreeView.swift */,
				E922CB2F2E40ADC90084EB40 /* SettingsView.swift */,
				E922CB302E40ADC90084EB40 /* ViewController.swift */,
				E922CB252E40ADC90084EB40 /* Extension */,
				E922CB272E40ADC90084EB40 /* Assets.xcassets */,
				E922CB282E40ADC90084EB40 /* Colors.xcassets */,
			);
			path = "Custom-Vibrator";
			sourceTree = "<group>";
		};
		E9DE39B32E15291100892875 = {
			isa = PBXGroup;
			children = (
				E922CB312E40ADC90084EB40 /* Custom-Vibrator */,
				E9DE39BD2E15291100892875 /* Products */,
			);
			sourceTree = "<group>";
		};
		E9DE39BD2E15291100892875 /* Products */ = {
			isa = PBXGroup;
			children = (
				E9DE39BC2E15291100892875 /* Custom-Vibrator.app */,
			);
			name = Products;
			sourceTree = "<group>";
		};
/* End PBXGroup section */

/* Begin PBXNativeTarget section */
		E9DE39BB2E15291100892875 /* Custom-Vibrator */ = {
			isa = PBXNativeTarget;
			buildConfigurationList = E9DE39CF2E15291300892875 /* Build configuration list for PBXNativeTarget "Custom-Vibrator" */;
			buildPhases = (
				E9DE39B82E15291100892875 /* Sources */,
				E9DE39B92E15291100892875 /* Frameworks */,
				E9DE39BA2E15291100892875 /* Resources */,
			);
			buildRules = (
			);
			dependencies = (
			);
			name = "Custom-Vibrator";
			packageProductDependencies = (
			);
			productName = "Custom-Vibrator";
			productReference = E9DE39BC2E15291100892875 /* Custom-Vibrator.app */;
			productType = "com.apple.product-type.application";
		};
/* End PBXNativeTarget section */

/* Begin PBXProject section */
		E9DE39B42E15291100892875 /* Project object */ = {
			isa = PBXProject;
			attributes = {
				BuildIndependentTargetsInParallel = 1;
				LastSwiftUpdateCheck = 1600;
				LastUpgradeCheck = 1600;
				TargetAttributes = {
					E9DE39BB2E15291100892875 = {
						CreatedOnToolsVersion = 16.0;
					};
				};
			};
			buildConfigurationList = E9DE39B72E15291100892875 /* Build configuration list for PBXProject "Custom-Vibrator" */;
			developmentRegion = en;
			hasScannedForEncodings = 0;
			knownRegions = (
				en,
				Base,
			);
			mainGroup = E9DE39B32E15291100892875;
			minimizedProjectReferenceProxies = 1;
			preferredProjectObjectVersion = 77;
			productRefGroup = E9DE39BD2E15291100892875 /* Products */;
			projectDirPath = "";
			projectRoot = "";
			targets = (
				E9DE39BB2E15291100892875 /* Custom-Vibrator */,
			);
		};
/* End PBXProject section */

/* Begin PBXResourcesBuildPhase section */
		E9DE39BA2E15291100892875 /* Resources */ = {
			isa = PBXResourcesBuildPhase;
			buildActionMask = 2147483647;
			files = (
				E922CB3B2E40ADC90084EB40 /* Assets.xcassets in Resources */,
				E922CB3C2E40ADC90084EB40 /* Colors.xcassets in Resources */,
				E922CB3E2E40ADC90084EB40 /* LaunchScreen.storyboard in Resources */,
			);
			runOnlyForDeploymentPostprocessing = 0;
		};
/* End PBXResourcesBuildPhase section */

/* Begin PBXSourcesBuildPhase section */
		E9DE39B82E15291100892875 /* Sources */ = {
			isa = PBXSourcesBuildPhase;
			buildActionMask = 2147483647;
			files = (
				E922CB322E40ADC90084EB40 /* BackGroundViewModifier.swift in Sources */,
				E922CB332E40ADC90084EB40 /* Extension+Color.swift in Sources */,
				E922CB402E40D10C0084EB40 /* NoVibratorFreeView.swift in Sources */,
				E922CB342E40ADC90084EB40 /* HomeView.swift in Sources */,
				E922CB352E40ADC90084EB40 /* AppDelegate.swift in Sources */,
				E922CB362E40ADC90084EB40 /* Constants.swift in Sources */,
				E922CB372E40ADC90084EB40 /* NoVibratorView.swift in Sources */,
				E922CB382E40ADC90084EB40 /* SceneDelegate.swift in Sources */,
				E922CB392E40ADC90084EB40 /* SettingsView.swift in Sources */,
				E922CB3A2E40ADC90084EB40 /* ViewController.swift in Sources */,
			);
			runOnlyForDeploymentPostprocessing = 0;
		};
/* End PBXSourcesBuildPhase section */

/* Begin PBXVariantGroup section */
		E922CB2C2E40ADC90084EB40 /* LaunchScreen.storyboard */ = {
			isa = PBXVariantGroup;
			children = (
				E922CB2B2E40ADC90084EB40 /* Base */,
			);
			name = LaunchScreen.storyboard;
			sourceTree = "<group>";
		};
/* End PBXVariantGroup section */

/* Begin XCBuildConfiguration section */
		E9DE39D02E15291300892875 /* Debug */ = {
			isa = XCBuildConfiguration;
			buildSettings = {
				ASSETCATALOG_COMPILER_APPICON_NAME = AppIcon;
				ASSETCATALOG_COMPILER_GLOBAL_ACCENT_COLOR_NAME = AccentColor;
				CODE_SIGN_STYLE = Automatic;
				CURRENT_PROJECT_VERSION = 1;
				DEVELOPMENT_TEAM = L3D3A22YK5;
				GENERATE_INFOPLIST_FILE = YES;
				INFOPLIST_FILE = "Custom-Vibrator/Info.plist";
				INFOPLIST_KEY_UIApplicationSupportsIndirectInputEvents = YES;
				INFOPLIST_KEY_UILaunchStoryboardName = LaunchScreen;
				INFOPLIST_KEY_UISupportedInterfaceOrientations_iPad = "UIInterfaceOrientationPortrait UIInterfaceOrientationPortraitUpsideDown UIInterfaceOrientationLandscapeLeft UIInterfaceOrientationLandscapeRight";
				INFOPLIST_KEY_UISupportedInterfaceOrientations_iPhone = "UIInterfaceOrientationPortrait UIInterfaceOrientationLandscapeLeft UIInterfaceOrientationLandscapeRight";
				IPHONEOS_DEPLOYMENT_TARGET = 15.6;
				LD_RUNPATH_SEARCH_PATHS = (
					"$(inherited)",
					"@executable_path/Frameworks",
				);
				MARKETING_VERSION = 1.0;
				PRODUCT_BUNDLE_IDENTIFIER = "Appnap.Custom-Vibrator";
				PRODUCT_NAME = "$(TARGET_NAME)";
				SUPPORTED_PLATFORMS = "iphoneos iphonesimulator";
				SUPPORTS_MACCATALYST = NO;
				SUPPORTS_MAC_DESIGNED_FOR_IPHONE_IPAD = NO;
				SUPPORTS_XR_DESIGNED_FOR_IPHONE_IPAD = NO;
				SWIFT_EMIT_LOC_STRINGS = YES;
				SWIFT_VERSION = 5.0;
				TARGETED_DEVICE_FAMILY = "1,2";
			};
			name = Debug;
		};
		E9DE39D12E15291300892875 /* Release */ = {
			isa = XCBuildConfiguration;
			buildSettings = {
				ASSETCATALOG_COMPILER_APPICON_NAME = AppIcon;
				ASSETCATALOG_COMPILER_GLOBAL_ACCENT_COLOR_NAME = AccentColor;
				CODE_SIGN_STYLE = Automatic;
				CURRENT_PROJECT_VERSION = 1;
				DEVELOPMENT_TEAM = L3D3A22YK5;
				GENERATE_INFOPLIST_FILE = YES;
				INFOPLIST_FILE = "Custom-Vibrator/Info.plist";
				INFOPLIST_KEY_UIApplicationSupportsIndirectInputEvents = YES;
				INFOPLIST_KEY_UILaunchStoryboardName = LaunchScreen;
				INFOPLIST_KEY_UISupportedInterfaceOrientations_iPad = "UIInterfaceOrientationPortrait UIInterfaceOrientationPortraitUpsideDown UIInterfaceOrientationLandscapeLeft UIInterfaceOrientationLandscapeRight";
				INFOPLIST_KEY_UISupportedInterfaceOrientations_iPhone = "UIInterfaceOrientationPortrait UIInterfaceOrientationLandscapeLeft UIInterfaceOrientationLandscapeRight";
				IPHONEOS_DEPLOYMENT_TARGET = 15.6;
				LD_RUNPATH_SEARCH_PATHS = (
					"$(inherited)",
					"@executable_path/Frameworks",
				);
				MARKETING_VERSION = 1.0;
				PRODUCT_BUNDLE_IDENTIFIER = "Appnap.Custom-Vibrator";
				PRODUCT_NAME = "$(TARGET_NAME)";
				SUPPORTED_PLATFORMS = "iphoneos iphonesimulator";
				SUPPORTS_MACCATALYST = NO;
				SUPPORTS_MAC_DESIGNED_FOR_IPHONE_IPAD = NO;
				SUPPORTS_XR_DESIGNED_FOR_IPHONE_IPAD = NO;
				SWIFT_EMIT_LOC_STRINGS = YES;
				SWIFT_VERSION = 5.0;
				TARGETED_DEVICE_FAMILY = "1,2";
			};
			name = Release;
		};
		E9DE39D22E15291300892875 /* Debug */ = {
			isa = XCBuildConfiguration;
			buildSettings = {
				ALWAYS_SEARCH_USER_PATHS = NO;
				ASSETCATALOG_COMPILER_GENERATE_SWIFT_ASSET_SYMBOL_EXTENSIONS = YES;
				CLANG_ANALYZER_NONNULL = YES;
				CLANG_ANALYZER_NUMBER_OBJECT_CONVERSION = YES_AGGRESSIVE;
				CLANG_CXX_LANGUAGE_STANDARD = "gnu++20";
				CLANG_ENABLE_MODULES = YES;
				CLANG_ENABLE_OBJC_ARC = YES;
				CLANG_ENABLE_OBJC_WEAK = YES;
				CLANG_WARN_BLOCK_CAPTURE_AUTORELEASING = YES;
				CLANG_WARN_BOOL_CONVERSION = YES;
				CLANG_WARN_COMMA = YES;
				CLANG_WARN_CONSTANT_CONVERSION = YES;
				CLANG_WARN_DEPRECATED_OBJC_IMPLEMENTATIONS = YES;
				CLANG_WARN_DIRECT_OBJC_ISA_USAGE = YES_ERROR;
				CLANG_WARN_DOCUMENTATION_COMMENTS = YES;
				CLANG_WARN_EMPTY_BODY = YES;
				CLANG_WARN_ENUM_CONVERSION = YES;
				CLANG_WARN_INFINITE_RECURSION = YES;
				CLANG_WARN_INT_CONVERSION = YES;
				CLANG_WARN_NON_LITERAL_NULL_CONVERSION = YES;
				CLANG_WARN_OBJC_IMPLICIT_RETAIN_SELF = YES;
				CLANG_WARN_OBJC_LITERAL_CONVERSION = YES;
				CLANG_WARN_OBJC_ROOT_CLASS = YES_ERROR;
				CLANG_WARN_QUOTED_INCLUDE_IN_FRAMEWORK_HEADER = YES;
				CLANG_WARN_RANGE_LOOP_ANALYSIS = YES;
				CLANG_WARN_STRICT_PROTOTYPES = YES;
				CLANG_WARN_SUSPICIOUS_MOVE = YES;
				CLANG_WARN_UNGUARDED_AVAILABILITY = YES_AGGRESSIVE;
				CLANG_WARN_UNREACHABLE_CODE = YES;
				CLANG_WARN__DUPLICATE_METHOD_MATCH = YES;
				COPY_PHASE_STRIP = NO;
				DEBUG_INFORMATION_FORMAT = dwarf;
				ENABLE_STRICT_OBJC_MSGSEND = YES;
				ENABLE_TESTABILITY = YES;
				ENABLE_USER_SCRIPT_SANDBOXING = YES;
				GCC_C_LANGUAGE_STANDARD = gnu17;
				GCC_DYNAMIC_NO_PIC = NO;
				GCC_NO_COMMON_BLOCKS = YES;
				GCC_OPTIMIZATION_LEVEL = 0;
				GCC_PREPROCESSOR_DEFINITIONS = (
					"DEBUG=1",
					"$(inherited)",
				);
				GCC_WARN_64_TO_32_BIT_CONVERSION = YES;
				GCC_WARN_ABOUT_RETURN_TYPE = YES_ERROR;
				GCC_WARN_UNDECLARED_SELECTOR = YES;
				GCC_WARN_UNINITIALIZED_AUTOS = YES_AGGRESSIVE;
				GCC_WARN_UNUSED_FUNCTION = YES;
				GCC_WARN_UNUSED_VARIABLE = YES;
				IPHONEOS_DEPLOYMENT_TARGET = 18.0;
				LOCALIZATION_PREFERS_STRING_CATALOGS = YES;
				MTL_ENABLE_DEBUG_INFO = INCLUDE_SOURCE;
				MTL_FAST_MATH = YES;
				ONLY_ACTIVE_ARCH = YES;
				SDKROOT = iphoneos;
				SWIFT_ACTIVE_COMPILATION_CONDITIONS = "DEBUG $(inherited)";
				SWIFT_OPTIMIZATION_LEVEL = "-Onone";
			};
			name = Debug;
		};
		E9DE39D32E15291300892875 /* Release */ = {
			isa = XCBuildConfiguration;
			buildSettings = {
				ALWAYS_SEARCH_USER_PATHS = NO;
				ASSETCATALOG_COMPILER_GENERATE_SWIFT_ASSET_SYMBOL_EXTENSIONS = YES;
				CLANG_ANALYZER_NONNULL = YES;
				CLANG_ANALYZER_NUMBER_OBJECT_CONVERSION = YES_AGGRESSIVE;
				CLANG_CXX_LANGUAGE_STANDARD = "gnu++20";
				CLANG_ENABLE_MODULES = YES;
				CLANG_ENABLE_OBJC_ARC = YES;
				CLANG_ENABLE_OBJC_WEAK = YES;
				CLANG_WARN_BLOCK_CAPTURE_AUTORELEASING = YES;
				CLANG_WARN_BOOL_CONVERSION = YES;
				CLANG_WARN_COMMA = YES;
				CLANG_WARN_CONSTANT_CONVERSION = YES;
				CLANG_WARN_DEPRECATED_OBJC_IMPLEMENTATIONS = YES;
				CLANG_WARN_DIRECT_OBJC_ISA_USAGE = YES_ERROR;
				CLANG_WARN_DOCUMENTATION_COMMENTS = YES;
				CLANG_WARN_EMPTY_BODY = YES;
				CLANG_WARN_ENUM_CONVERSION = YES;
				CLANG_WARN_INFINITE_RECURSION = YES;
				CLANG_WARN_INT_CONVERSION = YES;
				CLANG_WARN_NON_LITERAL_NULL_CONVERSION = YES;
				CLANG_WARN_OBJC_IMPLICIT_RETAIN_SELF = YES;
				CLANG_WARN_OBJC_LITERAL_CONVERSION = YES;
				CLANG_WARN_OBJC_ROOT_CLASS = YES_ERROR;
				CLANG_WARN_QUOTED_INCLUDE_IN_FRAMEWORK_HEADER = YES;
				CLANG_WARN_RANGE_LOOP_ANALYSIS = YES;
				CLANG_WARN_STRICT_PROTOTYPES = YES;
				CLANG_WARN_SUSPICIOUS_MOVE = YES;
				CLANG_WARN_UNGUARDED_AVAILABILITY = YES_AGGRESSIVE;
				CLANG_WARN_UNREACHABLE_CODE = YES;
				CLANG_WARN__DUPLICATE_METHOD_MATCH = YES;
				COPY_PHASE_STRIP = NO;
				DEBUG_INFORMATION_FORMAT = "dwarf-with-dsym";
				ENABLE_NS_ASSERTIONS = NO;
				ENABLE_STRICT_OBJC_MSGSEND = YES;
				ENABLE_USER_SCRIPT_SANDBOXING = YES;
				GCC_C_LANGUAGE_STANDARD = gnu17;
				GCC_NO_COMMON_BLOCKS = YES;
				GCC_WARN_64_TO_32_BIT_CONVERSION = YES;
				GCC_WARN_ABOUT_RETURN_TYPE = YES_ERROR;
				GCC_WARN_UNDECLARED_SELECTOR = YES;
				GCC_WARN_UNINITIALIZED_AUTOS = YES_AGGRESSIVE;
				GCC_WARN_UNUSED_FUNCTION = YES;
				GCC_WARN_UNUSED_VARIABLE = YES;
				IPHONEOS_DEPLOYMENT_TARGET = 18.0;
				LOCALIZATION_PREFERS_STRING_CATALOGS = YES;
				MTL_ENABLE_DEBUG_INFO = NO;
				MTL_FAST_MATH = YES;
				SDKROOT = iphoneos;
				SWIFT_COMPILATION_MODE = wholemodule;
				VALIDATE_PRODUCT = YES;
			};
			name = Release;
		};
/* End XCBuildConfiguration section */

/* Begin XCConfigurationList section */
		E9DE39B72E15291100892875 /* Build configuration list for PBXProject "Custom-Vibrator" */ = {
			isa = XCConfigurationList;
			buildConfigurations = (
				E9DE39D22E15291300892875 /* Debug */,
				E9DE39D32E15291300892875 /* Release */,
			);
			defaultConfigurationIsVisible = 0;
			defaultConfigurationName = Release;
		};
		E9DE39CF2E15291300892875 /* Build configuration list for PBXNativeTarget "Custom-Vibrator" */ = {
			isa = XCConfigurationList;
			buildConfigurations = (
				E9DE39D02E15291300892875 /* Debug */,
				E9DE39D12E15291300892875 /* Release */,
			);
			defaultConfigurationIsVisible = 0;
			defaultConfigurationName = Release;
		};
/* End XCConfigurationList section */
	};
	rootObject = E9DE39B42E15291100892875 /* Project object */;
}
